
Microsoft Visual Studio Solution File, Format Version 12.00
# Visual Studio Version 17
VisualStudioVersion = 17.0.32112.339
MinimumVisualStudioVersion = 10.0.40219.1
Project("{2150E333-8FDC-42A3-9474-1A3956D46DE8}") = "Services", "Services", "{01416D3C-8592-4BB4-8C32-8D7D93695CA5}"
EndProject
Project("{2150E333-8FDC-42A3-9474-1A3956D46DE8}") = "Catalog", "Catalog", "{D25075C2-6708-40BC-8A88-B9E030EC3D39}"
EndProject
Project("{9A19103F-16F7-4668-BE54-9A1E7A4F7556}") = "Catalog.API", "Services\Catalog\Catalog.API\Catalog.API.csproj", "{7F9DF866-0442-424A-8B22-610E2200FF15}"
EndProject
Project("{E53339B2-1760-4266-BCC7-CA923CBCF16C}") = "docker-compose", "docker-compose.dcproj", "{C49A14DE-079B-4FED-B7A8-67DF1AD46CBF}"
EndProject
Project("{2150E333-8FDC-42A3-9474-1A3956D46DE8}") = "Basket", "Basket", "{63757555-2E22-4885-9CE4-2D64A24F0E6B}"
EndProject
Project("{9A19103F-16F7-4668-BE54-9A1E7A4F7556}") = "Basket.API", "Services\Basket\Basket.API\Basket.API.csproj", "{FE6DDB54-8D34-4A72-83C0-E047EA2D7943}"
EndProject
Project("{2150E333-8FDC-42A3-9474-1A3956D46DE8}") = "Discount", "Discount", "{F55689DA-7F00-444E-AC0C-7B3568E79DBF}"
EndProject
Project("{9A19103F-16F7-4668-BE54-9A1E7A4F7556}") = "Discount.API", "Services\Discount\Discount.API\Discount.API.csproj", "{4F6DF356-3C2B-4762-9352-A333361382FE}"
EndProject
Project("{2150E333-8FDC-42A3-9474-1A3956D46DE8}") = "Ordering", "Ordering", "{9E0D1DAE-74F1-4759-9E2D-BAAC099B12A5}"
EndProject
Project("{9A19103F-16F7-4668-BE54-9A1E7A4F7556}") = "Ordering.API", "Services\Ordering\Ordering.API\Ordering.API.csproj", "{F0D885CA-9975-4CD6-8FD2-5C5C465D398E}"
EndProject
Project("{9A19103F-16F7-4668-BE54-9A1E7A4F7556}") = "Ordering.Domain", "Services\Ordering\Ordering.Domain\Ordering.Domain.csproj", "{18B36CBA-CC5A-4EF8-BB7F-971C213E9C0C}"
EndProject
Project("{9A19103F-16F7-4668-BE54-9A1E7A4F7556}") = "Ordering.Application", "Services\Ordering\Ordering.Application\Ordering.Application.csproj", "{F5FE54EC-0462-41C0-8370-CE275BC28576}"
EndProject
Project("{9A19103F-16F7-4668-BE54-9A1E7A4F7556}") = "Ordering.Infrastructure", "Services\Ordering\Ordering.Infrastructure\Ordering.Infrastructure.csproj", "{ED42A942-EBBC-4D49-A724-A1C4D71C967C}"
EndProject
Project("{9A19103F-16F7-4668-BE54-9A1E7A4F7556}") = "Discount.Grpc", "Services\Discount\Discount.Grpc\Discount.Grpc.csproj", "{C234E2E0-DC14-47CB-8854-C8CC9AC2B777}"
EndProject
Project("{2150E333-8FDC-42A3-9474-1A3956D46DE8}") = "BuildingBlocks", "BuildingBlocks", "{892C6A64-606D-49C3-964D-36A3C73F9318}"
EndProject
Project("{9A19103F-16F7-4668-BE54-9A1E7A4F7556}") = "EventBus.Message", "BuildingBlocks\EventBus.Message\EventBus.Message.csproj", "{F70053E1-9693-41EA-8543-F2E199AA863F}"
EndProject
Project("{2150E333-8FDC-42A3-9474-1A3956D46DE8}") = "ApiGateways", "ApiGateways", "{09874904-BFAE-4B6E-A518-C03120E9B4CC}"
EndProject
Project("{FAE04EC0-301F-11D3-BF4B-00C04F79EFBC}") = "OcelotApiGateway", "ApiGateways\OcelotApiGateway\OcelotApiGateway.csproj", "{F503FB90-5FB7-44CF-ADBC-7BCF054B9066}"
EndProject
Global
	GlobalSection(SolutionConfigurationPlatforms) = preSolution
		Debug|Any CPU = Debug|Any CPU
		Release|Any CPU = Release|Any CPU
	EndGlobalSection
	GlobalSection(ProjectConfigurationPlatforms) = postSolution
		{7F9DF866-0442-424A-8B22-610E2200FF15}.Debug|Any CPU.ActiveCfg = Debug|Any CPU
		{7F9DF866-0442-424A-8B22-610E2200FF15}.Debug|Any CPU.Build.0 = Debug|Any CPU
		{7F9DF866-0442-424A-8B22-610E2200FF15}.Release|Any CPU.ActiveCfg = Release|Any CPU
		{7F9DF866-0442-424A-8B22-610E2200FF15}.Release|Any CPU.Build.0 = Release|Any CPU
		{C49A14DE-079B-4FED-B7A8-67DF1AD46CBF}.Debug|Any CPU.ActiveCfg = Debug|Any CPU
		{C49A14DE-079B-4FED-B7A8-67DF1AD46CBF}.Debug|Any CPU.Build.0 = Debug|Any CPU
		{C49A14DE-079B-4FED-B7A8-67DF1AD46CBF}.Release|Any CPU.ActiveCfg = Release|Any CPU
		{C49A14DE-079B-4FED-B7A8-67DF1AD46CBF}.Release|Any CPU.Build.0 = Release|Any CPU
		{FE6DDB54-8D34-4A72-83C0-E047EA2D7943}.Debug|Any CPU.ActiveCfg = Debug|Any CPU
		{FE6DDB54-8D34-4A72-83C0-E047EA2D7943}.Debug|Any CPU.Build.0 = Debug|Any CPU
		{FE6DDB54-8D34-4A72-83C0-E047EA2D7943}.Release|Any CPU.ActiveCfg = Release|Any CPU
		{FE6DDB54-8D34-4A72-83C0-E047EA2D7943}.Release|Any CPU.Build.0 = Release|Any CPU
		{4F6DF356-3C2B-4762-9352-A333361382FE}.Debug|Any CPU.ActiveCfg = Debug|Any CPU
		{4F6DF356-3C2B-4762-9352-A333361382FE}.Debug|Any CPU.Build.0 = Debug|Any CPU
		{4F6DF356-3C2B-4762-9352-A333361382FE}.Release|Any CPU.ActiveCfg = Release|Any CPU
		{4F6DF356-3C2B-4762-9352-A333361382FE}.Release|Any CPU.Build.0 = Release|Any CPU
		{F0D885CA-9975-4CD6-8FD2-5C5C465D398E}.Debug|Any CPU.ActiveCfg = Debug|Any CPU
		{F0D885CA-9975-4CD6-8FD2-5C5C465D398E}.Debug|Any CPU.Build.0 = Debug|Any CPU
		{F0D885CA-9975-4CD6-8FD2-5C5C465D398E}.Release|Any CPU.ActiveCfg = Release|Any CPU
		{F0D885CA-9975-4CD6-8FD2-5C5C465D398E}.Release|Any CPU.Build.0 = Release|Any CPU
		{18B36CBA-CC5A-4EF8-BB7F-971C213E9C0C}.Debug|Any CPU.ActiveCfg = Debug|Any CPU
		{18B36CBA-CC5A-4EF8-BB7F-971C213E9C0C}.Debug|Any CPU.Build.0 = Debug|Any CPU
		{18B36CBA-CC5A-4EF8-BB7F-971C213E9C0C}.Release|Any CPU.ActiveCfg = Release|Any CPU
		{18B36CBA-CC5A-4EF8-BB7F-971C213E9C0C}.Release|Any CPU.Build.0 = Release|Any CPU
		{F5FE54EC-0462-41C0-8370-CE275BC28576}.Debug|Any CPU.ActiveCfg = Debug|Any CPU
		{F5FE54EC-0462-41C0-8370-CE275BC28576}.Debug|Any CPU.Build.0 = Debug|Any CPU
		{F5FE54EC-0462-41C0-8370-CE275BC28576}.Release|Any CPU.ActiveCfg = Release|Any CPU
		{F5FE54EC-0462-41C0-8370-CE275BC28576}.Release|Any CPU.Build.0 = Release|Any CPU
		{ED42A942-EBBC-4D49-A724-A1C4D71C967C}.Debug|Any CPU.ActiveCfg = Debug|Any CPU
		{ED42A942-EBBC-4D49-A724-A1C4D71C967C}.Debug|Any CPU.Build.0 = Debug|Any CPU
		{ED42A942-EBBC-4D49-A724-A1C4D71C967C}.Release|Any CPU.ActiveCfg = Release|Any CPU
		{ED42A942-EBBC-4D49-A724-A1C4D71C967C}.Release|Any CPU.Build.0 = Release|Any CPU
		{C234E2E0-DC14-47CB-8854-C8CC9AC2B777}.Debug|Any CPU.ActiveCfg = Debug|Any CPU
		{C234E2E0-DC14-47CB-8854-C8CC9AC2B777}.Debug|Any CPU.Build.0 = Debug|Any CPU
		{C234E2E0-DC14-47CB-8854-C8CC9AC2B777}.Release|Any CPU.ActiveCfg = Release|Any CPU
		{C234E2E0-DC14-47CB-8854-C8CC9AC2B777}.Release|Any CPU.Build.0 = Release|Any CPU
		{F70053E1-9693-41EA-8543-F2E199AA863F}.Debug|Any CPU.ActiveCfg = Debug|Any CPU
		{F70053E1-9693-41EA-8543-F2E199AA863F}.Debug|Any CPU.Build.0 = Debug|Any CPU
		{F70053E1-9693-41EA-8543-F2E199AA863F}.Release|Any CPU.ActiveCfg = Release|Any CPU
		{F70053E1-9693-41EA-8543-F2E199AA863F}.Release|Any CPU.Build.0 = Release|Any CPU
		{F503FB90-5FB7-44CF-ADBC-7BCF054B9066}.Debug|Any CPU.ActiveCfg = Debug|Any CPU
		{F503FB90-5FB7-44CF-ADBC-7BCF054B9066}.Debug|Any CPU.Build.0 = Debug|Any CPU
		{F503FB90-5FB7-44CF-ADBC-7BCF054B9066}.Release|Any CPU.ActiveCfg = Release|Any CPU
		{F503FB90-5FB7-44CF-ADBC-7BCF054B9066}.Release|Any CPU.Build.0 = Release|Any CPU
	EndGlobalSection
	GlobalSection(SolutionProperties) = preSolution
		HideSolutionNode = FALSE
	EndGlobalSection
	GlobalSection(NestedProjects) = preSolution
		{D25075C2-6708-40BC-8A88-B9E030EC3D39} = {01416D3C-8592-4BB4-8C32-8D7D93695CA5}
		{7F9DF866-0442-424A-8B22-610E2200FF15} = {D25075C2-6708-40BC-8A88-B9E030EC3D39}
		{63757555-2E22-4885-9CE4-2D64A24F0E6B} = {01416D3C-8592-4BB4-8C32-8D7D93695CA5}
		{FE6DDB54-8D34-4A72-83C0-E047EA2D7943} = {63757555-2E22-4885-9CE4-2D64A24F0E6B}
		{F55689DA-7F00-444E-AC0C-7B3568E79DBF} = {01416D3C-8592-4BB4-8C32-8D7D93695CA5}
		{4F6DF356-3C2B-4762-9352-A333361382FE} = {F55689DA-7F00-444E-AC0C-7B3568E79DBF}
		{9E0D1DAE-74F1-4759-9E2D-BAAC099B12A5} = {01416D3C-8592-4BB4-8C32-8D7D93695CA5}
		{F0D885CA-9975-4CD6-8FD2-5C5C465D398E} = {9E0D1DAE-74F1-4759-9E2D-BAAC099B12A5}
		{18B36CBA-CC5A-4EF8-BB7F-971C213E9C0C} = {9E0D1DAE-74F1-4759-9E2D-BAAC099B12A5}
		{F5FE54EC-0462-41C0-8370-CE275BC28576} = {9E0D1DAE-74F1-4759-9E2D-BAAC099B12A5}
		{ED42A942-EBBC-4D49-A724-A1C4D71C967C} = {9E0D1DAE-74F1-4759-9E2D-BAAC099B12A5}
		{C234E2E0-DC14-47CB-8854-C8CC9AC2B777} = {F55689DA-7F00-444E-AC0C-7B3568E79DBF}
		{F70053E1-9693-41EA-8543-F2E199AA863F} = {892C6A64-606D-49C3-964D-36A3C73F9318}
		{F503FB90-5FB7-44CF-ADBC-7BCF054B9066} = {09874904-BFAE-4B6E-A518-C03120E9B4CC}
	EndGlobalSection
	GlobalSection(ExtensibilityGlobals) = postSolution
		SolutionGuid = {C077AEDE-55D4-4E8F-8DB6-BC01F8132A53}
	EndGlobalSection
EndGlobal
